
Microsoft Visual Studio Solution File, Format Version 12.00
# Visual Studio Version 17
VisualStudioVersion = 17.7.34221.43
MinimumVisualStudioVersion = 10.0.40219.1
Project("{FAE04EC0-301F-11D3-BF4B-00C04F79EFBC}") = "AppRever", "AppRever\AppRever.csproj", "{EC09CE7F-26DF-4545-B82A-72DC3E85BFD4}"
EndProject
Global
	GlobalSection(SolutionConfigurationPlatforms) = preSolution
		Debug|Any CPU = Debug|Any CPU
		Release|Any CPU = Release|Any CPU
	EndGlobalSection
	GlobalSection(ProjectConfigurationPlatforms) = postSolution
		{EC09CE7F-26DF-4545-B82A-72DC3E85BFD4}.Debug|Any CPU.ActiveCfg = Debug|Any CPU
		{EC09CE7F-26DF-4545-B82A-72DC3E85BFD4}.Debug|Any CPU.Build.0 = Debug|Any CPU
		{EC09CE7F-26DF-4545-B82A-72DC3E85BFD4}.Release|Any CPU.ActiveCfg = Release|Any CPU
		{EC09CE7F-26DF-4545-B82A-72DC3E85BFD4}.Release|Any CPU.Build.0 = Release|Any CPU
	EndGlobalSection
	GlobalSection(SolutionProperties) = preSolution
		HideSolutionNode = FALSE
	EndGlobalSection
	GlobalSection(ExtensibilityGlobals) = postSolution
		SolutionGuid = {131B3FE3-C94E-4419-9934-7D20DE0DBB3A}
	EndGlobalSection
EndGlobal
